
Microsoft Visual Studio Solution File, Format Version 12.00
# Visual Studio 15
VisualStudioVersion = 15.0.26730.16
MinimumVisualStudioVersion = 10.0.40219.1
Project("{FAE04EC0-301F-11D3-BF4B-00C04F79EFBC}") = "X509CertficateInjectionAndRetrieval", "X509CertficateInjectionAndRetrieval\X509CertficateInjectionAndRetrieval.csproj", "{E1922D10-A11E-4C9D-9089-DF4863FE7195}"
EndProject
Project("{FAE04EC0-301F-11D3-BF4B-00C04F79EFBC}") = "ClientApp", "ClientApp\ClientApp.csproj", "{C3B383EB-C8BF-4701-87F5-E94D14656EAF}"
EndProject
Global
	GlobalSection(SolutionConfigurationPlatforms) = preSolution
		Debug|Any CPU = Debug|Any CPU
		Release|Any CPU = Release|Any CPU
	EndGlobalSection
	GlobalSection(ProjectConfigurationPlatforms) = postSolution
		{E1922D10-A11E-4C9D-9089-DF4863FE7195}.Debug|Any CPU.ActiveCfg = Debug|Any CPU
		{E1922D10-A11E-4C9D-9089-DF4863FE7195}.Debug|Any CPU.Build.0 = Debug|Any CPU
		{E1922D10-A11E-4C9D-9089-DF4863FE7195}.Release|Any CPU.ActiveCfg = Release|Any CPU
		{E1922D10-A11E-4C9D-9089-DF4863FE7195}.Release|Any CPU.Build.0 = Release|Any CPU
		{C3B383EB-C8BF-4701-87F5-E94D14656EAF}.Debug|Any CPU.ActiveCfg = Debug|Any CPU
		{C3B383EB-C8BF-4701-87F5-E94D14656EAF}.Debug|Any CPU.Build.0 = Debug|Any CPU
		{C3B383EB-C8BF-4701-87F5-E94D14656EAF}.Release|Any CPU.ActiveCfg = Release|Any CPU
		{C3B383EB-C8BF-4701-87F5-E94D14656EAF}.Release|Any CPU.Build.0 = Release|Any CPU
	EndGlobalSection
	GlobalSection(SolutionProperties) = preSolution
		HideSolutionNode = FALSE
	EndGlobalSection
	GlobalSection(ExtensibilityGlobals) = postSolution
		SolutionGuid = {06640D66-9799-4E19-9B7D-F0FEE8B8C4ED}
	EndGlobalSection
EndGlobal
